
Microsoft Visual Studio Solution File, Format Version 12.00
# Visual Studio Version 16
VisualStudioVersion = 16.0.32002.261
MinimumVisualStudioVersion = 10.0.40219.1
Project("{FAE04EC0-301F-11D3-BF4B-00C04F79EFBC}") = "CSS_Template", "CSS_Template\CSS_Template.csproj", "{ACC18997-7DBB-446C-834E-AE8A566179C3}"
EndProject
Global
	GlobalSection(SolutionConfigurationPlatforms) = preSolution
		Debug|Any CPU = Debug|Any CPU
		Release|Any CPU = Release|Any CPU
	EndGlobalSection
	GlobalSection(ProjectConfigurationPlatforms) = postSolution
		{ACC18997-7DBB-446C-834E-AE8A566179C3}.Debug|Any CPU.ActiveCfg = Debug|Any CPU
		{ACC18997-7DBB-446C-834E-AE8A566179C3}.Debug|Any CPU.Build.0 = Debug|Any CPU
		{ACC18997-7DBB-446C-834E-AE8A566179C3}.Release|Any CPU.ActiveCfg = Release|Any CPU
		{ACC18997-7DBB-446C-834E-AE8A566179C3}.Release|Any CPU.Build.0 = Release|Any CPU
	EndGlobalSection
	GlobalSection(SolutionProperties) = preSolution
		HideSolutionNode = FALSE
	EndGlobalSection
	GlobalSection(ExtensibilityGlobals) = postSolution
		SolutionGuid = {6458072D-8728-4203-8D36-5A3539274D6E}
	EndGlobalSection
EndGlobal
