
Microsoft Visual Studio Solution File, Format Version 12.00
# Visual Studio Version 16
VisualStudioVersion = 16.0.32002.261
MinimumVisualStudioVersion = 10.0.40219.1
Project("{FAE04EC0-301F-11D3-BF4B-00C04F79EFBC}") = "UniBook", "UniBook\UniBook.csproj", "{5D251B21-BAB6-44AA-952A-BACEF2484CAD}"
EndProject
Global
	GlobalSection(SolutionConfigurationPlatforms) = preSolution
		Debug|Any CPU = Debug|Any CPU
		Release|Any CPU = Release|Any CPU
	EndGlobalSection
	GlobalSection(ProjectConfigurationPlatforms) = postSolution
		{5D251B21-BAB6-44AA-952A-BACEF2484CAD}.Debug|Any CPU.ActiveCfg = Debug|Any CPU
		{5D251B21-BAB6-44AA-952A-BACEF2484CAD}.Debug|Any CPU.Build.0 = Debug|Any CPU
		{5D251B21-BAB6-44AA-952A-BACEF2484CAD}.Release|Any CPU.ActiveCfg = Release|Any CPU
		{5D251B21-BAB6-44AA-952A-BACEF2484CAD}.Release|Any CPU.Build.0 = Release|Any CPU
	EndGlobalSection
	GlobalSection(SolutionProperties) = preSolution
		HideSolutionNode = FALSE
	EndGlobalSection
	GlobalSection(ExtensibilityGlobals) = postSolution
		SolutionGuid = {F579C543-BA7F-43D9-8745-E51231231EA6}
	EndGlobalSection
EndGlobal
