
Microsoft Visual Studio Solution File, Format Version 12.00
# Visual Studio Version 16
VisualStudioVersion = 16.0.32002.261
MinimumVisualStudioVersion = 10.0.40219.1
Project("{FAE04EC0-301F-11D3-BF4B-00C04F79EFBC}") = "Demo", "Demo\Demo.csproj", "{6AC8DB92-C324-4F40-9DE2-84A0C9783CBC}"
EndProject
Global
	GlobalSection(SolutionConfigurationPlatforms) = preSolution
		Debug|Any CPU = Debug|Any CPU
		Release|Any CPU = Release|Any CPU
	EndGlobalSection
	GlobalSection(ProjectConfigurationPlatforms) = postSolution
		{6AC8DB92-C324-4F40-9DE2-84A0C9783CBC}.Debug|Any CPU.ActiveCfg = Debug|Any CPU
		{6AC8DB92-C324-4F40-9DE2-84A0C9783CBC}.Debug|Any CPU.Build.0 = Debug|Any CPU
		{6AC8DB92-C324-4F40-9DE2-84A0C9783CBC}.Release|Any CPU.ActiveCfg = Release|Any CPU
		{6AC8DB92-C324-4F40-9DE2-84A0C9783CBC}.Release|Any CPU.Build.0 = Release|Any CPU
	EndGlobalSection
	GlobalSection(SolutionProperties) = preSolution
		HideSolutionNode = FALSE
	EndGlobalSection
	GlobalSection(ExtensibilityGlobals) = postSolution
		SolutionGuid = {6BD3C680-85E2-4B3C-A251-0CDCF9367C06}
	EndGlobalSection
EndGlobal
